// !$*UTF8*$!
{
	archiveVersion = 1;
	classes = {
	};
	objectVersion = 56;
	objects = {

/* Begin PBXBuildFile section */
		3E45868B2A2CE8AB00B25440 /* CartButton.swift in Sources */ = {isa = PBXBuildFile; fileRef = 3E45868A2A2CE8AB00B25440 /* CartButton.swift */; };
		3E45868F2A2CECBE00B25440 /* CartView.swift in Sources */ = {isa = PBXBuildFile; fileRef = 3E45868E2A2CECBE00B25440 /* CartView.swift */; };
		3E4586912A2CED9A00B25440 /* CartManager.swift in Sources */ = {isa = PBXBuildFile; fileRef = 3E4586902A2CED9A00B25440 /* CartManager.swift */; };
		3E4586932A2CF11000B25440 /* ProductRow.swift in Sources */ = {isa = PBXBuildFile; fileRef = 3E4586922A2CF11000B25440 /* ProductRow.swift */; };
		3EDE78642A2C88DA00FA3416 /* Graphic_GalleryApp.swift in Sources */ = {isa = PBXBuildFile; fileRef = 3EDE78632A2C88DA00FA3416 /* Graphic_GalleryApp.swift */; };
		3EDE78662A2C88DA00FA3416 /* ContentView.swift in Sources */ = {isa = PBXBuildFile; fileRef = 3EDE78652A2C88DA00FA3416 /* ContentView.swift */; };
		3EDE78682A2C88DE00FA3416 /* Assets.xcassets in Resources */ = {isa = PBXBuildFile; fileRef = 3EDE78672A2C88DE00FA3416 /* Assets.xcassets */; };
		3EDE786C2A2C88DE00FA3416 /* Preview Assets.xcassets in Resources */ = {isa = PBXBuildFile; fileRef = 3EDE786B2A2C88DE00FA3416 /* Preview Assets.xcassets */; };
		3EDE78742A2CA00A00FA3416 /* Product.swift in Sources */ = {isa = PBXBuildFile; fileRef = 3EDE78732A2CA00A00FA3416 /* Product.swift */; };
		3EDE78772A2CA17200FA3416 /* ProductCard.swift in Sources */ = {isa = PBXBuildFile; fileRef = 3EDE78762A2CA17200FA3416 /* ProductCard.swift */; };
/* End PBXBuildFile section */

/* Begin PBXFileReference section */
		3E45868A2A2CE8AB00B25440 /* CartButton.swift */ = {isa = PBXFileReference; lastKnownFileType = sourcecode.swift; path = CartButton.swift; sourceTree = "<group>"; };
		3E45868E2A2CECBE00B25440 /* CartView.swift */ = {isa = PBXFileReference; lastKnownFileType = sourcecode.swift; path = CartView.swift; sourceTree = "<group>"; };
		3E4586902A2CED9A00B25440 /* CartManager.swift */ = {isa = PBXFileReference; lastKnownFileType = sourcecode.swift; path = CartManager.swift; sourceTree = "<group>"; };
		3E4586922A2CF11000B25440 /* ProductRow.swift */ = {isa = PBXFileReference; lastKnownFileType = sourcecode.swift; path = ProductRow.swift; sourceTree = "<group>"; };
		3EDE78602A2C88DA00FA3416 /* Graphic Gallery.app */ = {isa = PBXFileReference; explicitFileType = wrapper.application; includeInIndex = 0; path = "Graphic Gallery.app"; sourceTree = BUILT_PRODUCTS_DIR; };
		3EDE78632A2C88DA00FA3416 /* Graphic_GalleryApp.swift */ = {isa = PBXFileReference; lastKnownFileType = sourcecode.swift; path = Graphic_GalleryApp.swift; sourceTree = "<group>"; };
		3EDE78652A2C88DA00FA3416 /* ContentView.swift */ = {isa = PBXFileReference; lastKnownFileType = sourcecode.swift; path = ContentView.swift; sourceTree = "<group>"; };
		3EDE78672A2C88DE00FA3416 /* Assets.xcassets */ = {isa = PBXFileReference; lastKnownFileType = folder.assetcatalog; path = Assets.xcassets; sourceTree = "<group>"; };
		3EDE78692A2C88DE00FA3416 /* Graphic_Gallery.entitlements */ = {isa = PBXFileReference; lastKnownFileType = text.plist.entitlements; path = Graphic_Gallery.entitlements; sourceTree = "<group>"; };
		3EDE786B2A2C88DE00FA3416 /* Preview Assets.xcassets */ = {isa = PBXFileReference; lastKnownFileType = folder.assetcatalog; path = "Preview Assets.xcassets"; sourceTree = "<group>"; };
		3EDE78732A2CA00A00FA3416 /* Product.swift */ = {isa = PBXFileReference; lastKnownFileType = sourcecode.swift; path = Product.swift; sourceTree = "<group>"; };
		3EDE78762A2CA17200FA3416 /* ProductCard.swift */ = {isa = PBXFileReference; lastKnownFileType = sourcecode.swift; path = ProductCard.swift; sourceTree = "<group>"; };
/* End PBXFileReference section */

/* Begin PBXFrameworksBuildPhase section */
		3EDE785D2A2C88DA00FA3416 /* Frameworks */ = {
			isa = PBXFrameworksBuildPhase;
			buildActionMask = 2147483647;
			files = (
			);
			runOnlyForDeploymentPostprocessing = 0;
		};
/* End PBXFrameworksBuildPhase section */

/* Begin PBXGroup section */
		3EDE78572A2C88DA00FA3416 = {
			isa = PBXGroup;
			children = (
				3EDE78622A2C88DA00FA3416 /* Graphic Gallery */,
				3EDE78612A2C88DA00FA3416 /* Products */,
			);
			sourceTree = "<group>";
		};
		3EDE78612A2C88DA00FA3416 /* Products */ = {
			isa = PBXGroup;
			children = (
				3EDE78602A2C88DA00FA3416 /* Graphic Gallery.app */,
			);
			name = Products;
			sourceTree = "<group>";
		};
		3EDE78622A2C88DA00FA3416 /* Graphic Gallery */ = {
			isa = PBXGroup;
			children = (
				3EDE78632A2C88DA00FA3416 /* Graphic_GalleryApp.swift */,
				3EDE78782A2CA97300FA3416 /* Views */,
				3EDE78752A2CA13B00FA3416 /* Components */,
				3EDE78722A2C9FEA00FA3416 /* Models */,
				3EDE78672A2C88DE00FA3416 /* Assets.xcassets */,
				3EDE78692A2C88DE00FA3416 /* Graphic_Gallery.entitlements */,
				3EDE786A2A2C88DE00FA3416 /* Preview Content */,
				3E4586902A2CED9A00B25440 /* CartManager.swift */,
			);
			path = "Graphic Gallery";
			sourceTree = "<group>";
		};
		3EDE786A2A2C88DE00FA3416 /* Preview Content */ = {
			isa = PBXGroup;
			children = (
				3EDE786B2A2C88DE00FA3416 /* Preview Assets.xcassets */,
			);
			path = "Preview Content";
			sourceTree = "<group>";
		};
		3EDE78722A2C9FEA00FA3416 /* Models */ = {
			isa = PBXGroup;
			children = (
				3EDE78732A2CA00A00FA3416 /* Product.swift */,
			);
			path = Models;
			sourceTree = "<group>";
		};
		3EDE78752A2CA13B00FA3416 /* Components */ = {
			isa = PBXGroup;
			children = (
				3EDE78762A2CA17200FA3416 /* ProductCard.swift */,
				3E45868A2A2CE8AB00B25440 /* CartButton.swift */,
				3E4586922A2CF11000B25440 /* ProductRow.swift */,
			);
			path = Components;
			sourceTree = "<group>";
		};
		3EDE78782A2CA97300FA3416 /* Views */ = {
			isa = PBXGroup;
			children = (
				3EDE78652A2C88DA00FA3416 /* ContentView.swift */,
				3E45868E2A2CECBE00B25440 /* CartView.swift */,
			);
			path = Views;
			sourceTree = "<group>";
		};
/* End PBXGroup section */

/* Begin PBXNativeTarget section */
		3EDE785F2A2C88DA00FA3416 /* Graphic Gallery */ = {
			isa = PBXNativeTarget;
			buildConfigurationList = 3EDE786F2A2C88DE00FA3416 /* Build configuration list for PBXNativeTarget "Graphic Gallery" */;
			buildPhases = (
				3EDE785C2A2C88DA00FA3416 /* Sources */,
				3EDE785D2A2C88DA00FA3416 /* Frameworks */,
				3EDE785E2A2C88DA00FA3416 /* Resources */,
			);
			buildRules = (
			);
			dependencies = (
			);
			name = "Graphic Gallery";
			productName = "Graphic Gallery";
			productReference = 3EDE78602A2C88DA00FA3416 /* Graphic Gallery.app */;
			productType = "com.apple.product-type.application";
		};
/* End PBXNativeTarget section */

/* Begin PBXProject section */
		3EDE78582A2C88DA00FA3416 /* Project object */ = {
			isa = PBXProject;
			attributes = {
				BuildIndependentTargetsInParallel = 1;
				LastSwiftUpdateCheck = 1430;
				LastUpgradeCheck = 1430;
				TargetAttributes = {
					3EDE785F2A2C88DA00FA3416 = {
						CreatedOnToolsVersion = 14.3.1;
					};
				};
			};
			buildConfigurationList = 3EDE785B2A2C88DA00FA3416 /* Build configuration list for PBXProject "Graphic Gallery" */;
			compatibilityVersion = "Xcode 14.0";
			developmentRegion = en;
			hasScannedForEncodings = 0;
			knownRegions = (
				en,
				Base,
			);
			mainGroup = 3EDE78572A2C88DA00FA3416;
			productRefGroup = 3EDE78612A2C88DA00FA3416 /* Products */;
			projectDirPath = "";
			projectRoot = "";
			targets = (
				3EDE785F2A2C88DA00FA3416 /* Graphic Gallery */,
			);
		};
/* End PBXProject section */

/* Begin PBXResourcesBuildPhase section */
		3EDE785E2A2C88DA00FA3416 /* Resources */ = {
			isa = PBXResourcesBuildPhase;
			buildActionMask = 2147483647;
			files = (
				3EDE786C2A2C88DE00FA3416 /* Preview Assets.xcassets in Resources */,
				3EDE78682A2C88DE00FA3416 /* Assets.xcassets in Resources */,
			);
			runOnlyForDeploymentPostprocessing = 0;
		};
/* End PBXResourcesBuildPhase section */

/* Begin PBXSourcesBuildPhase section */
		3EDE785C2A2C88DA00FA3416 /* Sources */ = {
			isa = PBXSourcesBuildPhase;
			buildActionMask = 2147483647;
			files = (
				3E45868F2A2CECBE00B25440 /* CartView.swift in Sources */,
				3EDE78662A2C88DA00FA3416 /* ContentView.swift in Sources */,
				3E4586912A2CED9A00B25440 /* CartManager.swift in Sources */,
				3EDE78642A2C88DA00FA3416 /* Graphic_GalleryApp.swift in Sources */,
				3E4586932A2CF11000B25440 /* ProductRow.swift in Sources */,
				3EDE78742A2CA00A00FA3416 /* Product.swift in Sources */,
				3EDE78772A2CA17200FA3416 /* ProductCard.swift in Sources */,
				3E45868B2A2CE8AB00B25440 /* CartButton.swift in Sources */,
			);
			runOnlyForDeploymentPostprocessing = 0;
		};
/* End PBXSourcesBuildPhase section */

/* Begin XCBuildConfiguration section */
		3EDE786D2A2C88DE00FA3416 /* Debug */ = {
			isa = XCBuildConfiguration;
			buildSettings = {
				ALWAYS_SEARCH_USER_PATHS = NO;
				CLANG_ANALYZER_NONNULL = YES;
				CLANG_ANALYZER_NUMBER_OBJECT_CONVERSION = YES_AGGRESSIVE;
				CLANG_CXX_LANGUAGE_STANDARD = "gnu++20";
				CLANG_ENABLE_MODULES = YES;
				CLANG_ENABLE_OBJC_ARC = YES;
				CLANG_ENABLE_OBJC_WEAK = YES;
				CLANG_WARN_BLOCK_CAPTURE_AUTORELEASING = YES;
				CLANG_WARN_BOOL_CONVERSION = YES;
				CLANG_WARN_COMMA = YES;
				CLANG_WARN_CONSTANT_CONVERSION = YES;
				CLANG_WARN_DEPRECATED_OBJC_IMPLEMENTATIONS = YES;
				CLANG_WARN_DIRECT_OBJC_ISA_USAGE = YES_ERROR;
				CLANG_WARN_DOCUMENTATION_COMMENTS = YES;
				CLANG_WARN_EMPTY_BODY = YES;
				CLANG_WARN_ENUM_CONVERSION = YES;
				CLANG_WARN_INFINITE_RECURSION = YES;
				CLANG_WARN_INT_CONVERSION = YES;
				CLANG_WARN_NON_LITERAL_NULL_CONVERSION = YES;
				CLANG_WARN_OBJC_IMPLICIT_RETAIN_SELF = YES;
				CLANG_WARN_OBJC_LITERAL_CONVERSION = YES;
				CLANG_WARN_OBJC_ROOT_CLASS = YES_ERROR;
				CLANG_WARN_QUOTED_INCLUDE_IN_FRAMEWORK_HEADER = YES;
				CLANG_WARN_RANGE_LOOP_ANALYSIS = YES;
				CLANG_WARN_STRICT_PROTOTYPES = YES;
				CLANG_WARN_SUSPICIOUS_MOVE = YES;
				CLANG_WARN_UNGUARDED_AVAILABILITY = YES_AGGRESSIVE;
				CLANG_WARN_UNREACHABLE_CODE = YES;
				CLANG_WARN__DUPLICATE_METHOD_MATCH = YES;
				COPY_PHASE_STRIP = NO;
				DEBUG_INFORMATION_FORMAT = dwarf;
				ENABLE_STRICT_OBJC_MSGSEND = YES;
				ENABLE_TESTABILITY = YES;
				GCC_C_LANGUAGE_STANDARD = gnu11;
				GCC_DYNAMIC_NO_PIC = NO;
				GCC_NO_COMMON_BLOCKS = YES;
				GCC_OPTIMIZATION_LEVEL = 0;
				GCC_PREPROCESSOR_DEFINITIONS = (
					"DEBUG=1",
					"$(inherited)",
				);
				GCC_WARN_64_TO_32_BIT_CONVERSION = YES;
				GCC_WARN_ABOUT_RETURN_TYPE = YES_ERROR;
				GCC_WARN_UNDECLARED_SELECTOR = YES;
				GCC_WARN_UNINITIALIZED_AUTOS = YES_AGGRESSIVE;
				GCC_WARN_UNUSED_FUNCTION = YES;
				GCC_WARN_UNUSED_VARIABLE = YES;
				MTL_ENABLE_DEBUG_INFO = INCLUDE_SOURCE;
				MTL_FAST_MATH = YES;
				ONLY_ACTIVE_ARCH = YES;
				SWIFT_ACTIVE_COMPILATION_CONDITIONS = DEBUG;
				SWIFT_OPTIMIZATION_LEVEL = "-Onone";
			};
			name = Debug;
		};
		3EDE786E2A2C88DE00FA3416 /* Release */ = {
			isa = XCBuildConfiguration;
			buildSettings = {
				ALWAYS_SEARCH_USER_PATHS = NO;
				CLANG_ANALYZER_NONNULL = YES;
				CLANG_ANALYZER_NUMBER_OBJECT_CONVERSION = YES_AGGRESSIVE;
				CLANG_CXX_LANGUAGE_STANDARD = "gnu++20";
				CLANG_ENABLE_MODULES = YES;
				CLANG_ENABLE_OBJC_ARC = YES;
				CLANG_ENABLE_OBJC_WEAK = YES;
				CLANG_WARN_BLOCK_CAPTURE_AUTORELEASING = YES;
				CLANG_WARN_BOOL_CONVERSION = YES;
				CLANG_WARN_COMMA = YES;
				CLANG_WARN_CONSTANT_CONVERSION = YES;
				CLANG_WARN_DEPRECATED_OBJC_IMPLEMENTATIONS = YES;
				CLANG_WARN_DIRECT_OBJC_ISA_USAGE = YES_ERROR;
				CLANG_WARN_DOCUMENTATION_COMMENTS = YES;
				CLANG_WARN_EMPTY_BODY = YES;
				CLANG_WARN_ENUM_CONVERSION = YES;
				CLANG_WARN_INFINITE_RECURSION = YES;
				CLANG_WARN_INT_CONVERSION = YES;
				CLANG_WARN_NON_LITERAL_NULL_CONVERSION = YES;
				CLANG_WARN_OBJC_IMPLICIT_RETAIN_SELF = YES;
				CLANG_WARN_OBJC_LITERAL_CONVERSION = YES;
				CLANG_WARN_OBJC_ROOT_CLASS = YES_ERROR;
				CLANG_WARN_QUOTED_INCLUDE_IN_FRAMEWORK_HEADER = YES;
				CLANG_WARN_RANGE_LOOP_ANALYSIS = YES;
				CLANG_WARN_STRICT_PROTOTYPES = YES;
				CLANG_WARN_SUSPICIOUS_MOVE = YES;
				CLANG_WARN_UNGUARDED_AVAILABILITY = YES_AGGRESSIVE;
				CLANG_WARN_UNREACHABLE_CODE = YES;
				CLANG_WARN__DUPLICATE_METHOD_MATCH = YES;
				COPY_PHASE_STRIP = NO;
				DEBUG_INFORMATION_FORMAT = "dwarf-with-dsym";
				ENABLE_NS_ASSERTIONS = NO;
				ENABLE_STRICT_OBJC_MSGSEND = YES;
				GCC_C_LANGUAGE_STANDARD = gnu11;
				GCC_NO_COMMON_BLOCKS = YES;
				GCC_WARN_64_TO_32_BIT_CONVERSION = YES;
				GCC_WARN_ABOUT_RETURN_TYPE = YES_ERROR;
				GCC_WARN_UNDECLARED_SELECTOR = YES;
				GCC_WARN_UNINITIALIZED_AUTOS = YES_AGGRESSIVE;
				GCC_WARN_UNUSED_FUNCTION = YES;
				GCC_WARN_UNUSED_VARIABLE = YES;
				MTL_ENABLE_DEBUG_INFO = NO;
				MTL_FAST_MATH = YES;
				SWIFT_COMPILATION_MODE = wholemodule;
				SWIFT_OPTIMIZATION_LEVEL = "-O";
			};
			name = Release;
		};
		3EDE78702A2C88DE00FA3416 /* Debug */ = {
			isa = XCBuildConfiguration;
			buildSettings = {
				ASSETCATALOG_COMPILER_APPICON_NAME = AppIcon;
				ASSETCATALOG_COMPILER_GLOBAL_ACCENT_COLOR_NAME = AccentColor;
				CODE_SIGN_ENTITLEMENTS = "Graphic Gallery/Graphic_Gallery.entitlements";
				CODE_SIGN_STYLE = Automatic;
				CURRENT_PROJECT_VERSION = 1;
				DEVELOPMENT_ASSET_PATHS = "\"Graphic Gallery/Preview Content\"";
				DEVELOPMENT_TEAM = DS7MZAH8KR;
				ENABLE_HARDENED_RUNTIME = YES;
				ENABLE_PREVIEWS = YES;
				GENERATE_INFOPLIST_FILE = YES;
				"INFOPLIST_KEY_UIApplicationSceneManifest_Generation[sdk=iphoneos*]" = YES;
				"INFOPLIST_KEY_UIApplicationSceneManifest_Generation[sdk=iphonesimulator*]" = YES;
				"INFOPLIST_KEY_UIApplicationSupportsIndirectInputEvents[sdk=iphoneos*]" = YES;
				"INFOPLIST_KEY_UIApplicationSupportsIndirectInputEvents[sdk=iphonesimulator*]" = YES;
				"INFOPLIST_KEY_UILaunchScreen_Generation[sdk=iphoneos*]" = YES;
				"INFOPLIST_KEY_UILaunchScreen_Generation[sdk=iphonesimulator*]" = YES;
				"INFOPLIST_KEY_UIStatusBarStyle[sdk=iphoneos*]" = UIStatusBarStyleDefault;
				"INFOPLIST_KEY_UIStatusBarStyle[sdk=iphonesimulator*]" = UIStatusBarStyleDefault;
				INFOPLIST_KEY_UISupportedInterfaceOrientations_iPad = "UIInterfaceOrientationPortrait UIInterfaceOrientationPortraitUpsideDown UIInterfaceOrientationLandscapeLeft UIInterfaceOrientationLandscapeRight";
				INFOPLIST_KEY_UISupportedInterfaceOrientations_iPhone = "UIInterfaceOrientationPortrait UIInterfaceOrientationLandscapeLeft UIInterfaceOrientationLandscapeRight";
				IPHONEOS_DEPLOYMENT_TARGET = 16.4;
				LD_RUNPATH_SEARCH_PATHS = "@executable_path/Frameworks";
				"LD_RUNPATH_SEARCH_PATHS[sdk=macosx*]" = "@executable_path/../Frameworks";
				MACOSX_DEPLOYMENT_TARGET = 13.3;
				MARKETING_VERSION = 1.0;
				PRODUCT_BUNDLE_IDENTIFIER = "com.aryanmogha.Graphic-Gallery";
				PRODUCT_NAME = "$(TARGET_NAME)";
				SDKROOT = auto;
				SUPPORTED_PLATFORMS = "iphoneos iphonesimulator macosx";
				SWIFT_EMIT_LOC_STRINGS = YES;
				SWIFT_VERSION = 5.0;
				TARGETED_DEVICE_FAMILY = "1,2";
			};
			name = Debug;
		};
		3EDE78712A2C88DE00FA3416 /* Release */ = {
			isa = XCBuildConfiguration;
			buildSettings = {
				ASSETCATALOG_COMPILER_APPICON_NAME = AppIcon;
				ASSETCATALOG_COMPILER_GLOBAL_ACCENT_COLOR_NAME = AccentColor;
				CODE_SIGN_ENTITLEMENTS = "Graphic Gallery/Graphic_Gallery.entitlements";
				CODE_SIGN_STYLE = Automatic;
				CURRENT_PROJECT_VERSION = 1;
				DEVELOPMENT_ASSET_PATHS = "\"Graphic Gallery/Preview Content\"";
				DEVELOPMENT_TEAM = DS7MZAH8KR;
				ENABLE_HARDENED_RUNTIME = YES;
				ENABLE_PREVIEWS = YES;
				GENERATE_INFOPLIST_FILE = YES;
				"INFOPLIST_KEY_UIApplicationSceneManifest_Generation[sdk=iphoneos*]" = YES;
				"INFOPLIST_KEY_UIApplicationSceneManifest_Generation[sdk=iphonesimulator*]" = YES;
				"INFOPLIST_KEY_UIApplicationSupportsIndirectInputEvents[sdk=iphoneos*]" = YES;
				"INFOPLIST_KEY_UIApplicationSupportsIndirectInputEvents[sdk=iphonesimulator*]" = YES;
				"INFOPLIST_KEY_UILaunchScreen_Generation[sdk=iphoneos*]" = YES;
				"INFOPLIST_KEY_UILaunchScreen_Generation[sdk=iphonesimulator*]" = YES;
				"INFOPLIST_KEY_UIStatusBarStyle[sdk=iphoneos*]" = UIStatusBarStyleDefault;
				"INFOPLIST_KEY_UIStatusBarStyle[sdk=iphonesimulator*]" = UIStatusBarStyleDefault;
				INFOPLIST_KEY_UISupportedInterfaceOrientations_iPad = "UIInterfaceOrientationPortrait UIInterfaceOrientationPortraitUpsideDown UIInterfaceOrientationLandscapeLeft UIInterfaceOrientationLandscapeRight";
				INFOPLIST_KEY_UISupportedInterfaceOrientations_iPhone = "UIInterfaceOrientationPortrait UIInterfaceOrientationLandscapeLeft UIInterfaceOrientationLandscapeRight";
				IPHONEOS_DEPLOYMENT_TARGET = 16.4;
				LD_RUNPATH_SEARCH_PATHS = "@executable_path/Frameworks";
				"LD_RUNPATH_SEARCH_PATHS[sdk=macosx*]" = "@executable_path/../Frameworks";
				MACOSX_DEPLOYMENT_TARGET = 13.3;
				MARKETING_VERSION = 1.0;
				PRODUCT_BUNDLE_IDENTIFIER = "com.aryanmogha.Graphic-Gallery";
				PRODUCT_NAME = "$(TARGET_NAME)";
				SDKROOT = auto;
				SUPPORTED_PLATFORMS = "iphoneos iphonesimulator macosx";
				SWIFT_EMIT_LOC_STRINGS = YES;
				SWIFT_VERSION = 5.0;
				TARGETED_DEVICE_FAMILY = "1,2";
			};
			name = Release;
		};
/* End XCBuildConfiguration section */

/* Begin XCConfigurationList section */
		3EDE785B2A2C88DA00FA3416 /* Build configuration list for PBXProject "Graphic Gallery" */ = {
			isa = XCConfigurationList;
			buildConfigurations = (
				3EDE786D2A2C88DE00FA3416 /* Debug */,
				3EDE786E2A2C88DE00FA3416 /* Release */,
			);
			defaultConfigurationIsVisible = 0;
			defaultConfigurationName = Release;
		};
		3EDE786F2A2C88DE00FA3416 /* Build configuration list for PBXNativeTarget "Graphic Gallery" */ = {
			isa = XCConfigurationList;
			buildConfigurations = (
				3EDE78702A2C88DE00FA3416 /* Debug */,
				3EDE78712A2C88DE00FA3416 /* Release */,
			);
			defaultConfigurationIsVisible = 0;
			defaultConfigurationName = Release;
		};
/* End XCConfigurationList section */
	};
	rootObject = 3EDE78582A2C88DA00FA3416 /* Project object */;
}
